
Microsoft Visual Studio Solution File, Format Version 12.00
# Visual Studio Version 16
VisualStudioVersion = 16.0.28606.126
MinimumVisualStudioVersion = 10.0.40219.1
Project("{FAE04EC0-301F-11D3-BF4B-00C04F79EFBC}") = "http-filetransfer", "http-filetransfer\http-filetransfer.csproj", "{59E9C038-57C0-4371-A62F-544F0C383855}"
EndProject
Global
	GlobalSection(SolutionConfigurationPlatforms) = preSolution
		Debug|Any CPU = Debug|Any CPU
		Release|Any CPU = Release|Any CPU
	EndGlobalSection
	GlobalSection(ProjectConfigurationPlatforms) = postSolution
		{59E9C038-57C0-4371-A62F-544F0C383855}.Debug|Any CPU.ActiveCfg = Debug|Any CPU
		{59E9C038-57C0-4371-A62F-544F0C383855}.Debug|Any CPU.Build.0 = Debug|Any CPU
		{59E9C038-57C0-4371-A62F-544F0C383855}.Release|Any CPU.ActiveCfg = Release|Any CPU
		{59E9C038-57C0-4371-A62F-544F0C383855}.Release|Any CPU.Build.0 = Release|Any CPU
	EndGlobalSection
	GlobalSection(SolutionProperties) = preSolution
		HideSolutionNode = FALSE
	EndGlobalSection
	GlobalSection(ExtensibilityGlobals) = postSolution
		SolutionGuid = {8313AA0B-2988-4FAF-8EBD-6FBE82141655}
	EndGlobalSection
EndGlobal
